
Microsoft Visual Studio Solution File, Format Version 11.00
# Visual Studio 2010
Project("{FAE04EC0-301F-11D3-BF4B-00C04F79EFBC}") = "ExpandTicTacToe", "Assembly-CSharp.csproj", "{852645C7-E421-192B-0946-84DC50634B45}"
EndProject
Project("{FAE04EC0-301F-11D3-BF4B-00C04F79EFBC}") = "ExpandTicTacToe", "Assembly-CSharp-Editor.csproj", "{33F471F8-2A62-6A04-BE0A-9C40FE0BE56D}"
EndProject
Global
	GlobalSection(SolutionConfigurationPlatforms) = preSolution
		Debug|Any CPU = Debug|Any CPU
		Release|Any CPU = Release|Any CPU
	EndGlobalSection
	GlobalSection(ProjectConfigurationPlatforms) = postSolution
		{852645C7-E421-192B-0946-84DC50634B45}.Debug|Any CPU.ActiveCfg = Debug|Any CPU
		{852645C7-E421-192B-0946-84DC50634B45}.Debug|Any CPU.Build.0 = Debug|Any CPU
		{852645C7-E421-192B-0946-84DC50634B45}.Release|Any CPU.ActiveCfg = Release|Any CPU
		{852645C7-E421-192B-0946-84DC50634B45}.Release|Any CPU.Build.0 = Release|Any CPU
		{33F471F8-2A62-6A04-BE0A-9C40FE0BE56D}.Debug|Any CPU.ActiveCfg = Debug|Any CPU
		{33F471F8-2A62-6A04-BE0A-9C40FE0BE56D}.Debug|Any CPU.Build.0 = Debug|Any CPU
		{33F471F8-2A62-6A04-BE0A-9C40FE0BE56D}.Release|Any CPU.ActiveCfg = Release|Any CPU
		{33F471F8-2A62-6A04-BE0A-9C40FE0BE56D}.Release|Any CPU.Build.0 = Release|Any CPU
	EndGlobalSection
	GlobalSection(SolutionProperties) = preSolution
		HideSolutionNode = FALSE
	EndGlobalSection
	GlobalSection(MonoDevelopProperties) = preSolution
		StartupItem = Assembly-CSharp.csproj
	EndGlobalSection
EndGlobal
